# THIS IS AN AUTOGENERATED FILE. DO NOT EDIT THIS FILE DIRECTLY.
# yarn lockfile v1


"@googlemaps/js-api-loader@1.16.8":
  version "1.16.8"
  resolved "https://registry.npmjs.org/@googlemaps/js-api-loader/-/js-api-loader-1.16.8.tgz"
  integrity sha512-CROqqwfKotdO6EBjZO/gQGVTbeDps5V7Mt9+8+5Q+jTg5CRMi3Ii/L9PmV3USROrt2uWxtGzJHORmByxyo9pSQ==

"@googlemaps/markerclusterer@2.5.3":
  version "2.5.3"
  resolved "https://registry.npmjs.org/@googlemaps/markerclusterer/-/markerclusterer-2.5.3.tgz"
  integrity sha512-x7lX0R5yYOoiNectr10wLgCBasNcXFHiADIBdmn7jQllF2B5ENQw5XtZK+hIw4xnV0Df0xhN4LN98XqA5jaiOw==
  dependencies:
    fast-deep-equal "^3.1.3"
    supercluster "^8.0.1"

"@react-google-maps/api@^2.20.6":
  version "2.20.7"
  resolved "https://registry.npmjs.org/@react-google-maps/api/-/api-2.20.7.tgz"
  integrity sha512-ys7uri3V6gjhYZUI43srHzSKDC6/jiKTwHNlwXFTvjeaJE3M3OaYBt9FZKvJs8qnOhL6i6nD1BKJoi1KrnkCkg==
  dependencies:
    "@googlemaps/js-api-loader" "1.16.8"
    "@googlemaps/markerclusterer" "2.5.3"
    "@react-google-maps/infobox" "2.20.0"
    "@react-google-maps/marker-clusterer" "2.20.0"
    "@types/google.maps" "3.58.1"
    invariant "2.2.4"

"@react-google-maps/infobox@2.20.0":
  version "2.20.0"
  resolved "https://registry.npmjs.org/@react-google-maps/infobox/-/infobox-2.20.0.tgz"
  integrity sha512-03PJHjohhaVLkX6+NHhlr8CIlvUxWaXhryqDjyaZ8iIqqix/nV8GFdz9O3m5OsjtxtNho09F/15j14yV0nuyLQ==

"@react-google-maps/marker-clusterer@2.20.0":
  version "2.20.0"
  resolved "https://registry.npmjs.org/@react-google-maps/marker-clusterer/-/marker-clusterer-2.20.0.tgz"
  integrity sha512-tieX9Va5w1yP88vMgfH1pHTacDQ9TgDTjox3tLlisKDXRQWdjw+QeVVghhf5XqqIxXHgPdcGwBvKY6UP+SIvLw==

"@types/google.maps@^3.54.10", "@types/google.maps@3.58.1":
  version "3.58.1"
  resolved "https://registry.npmjs.org/@types/google.maps/-/google.maps-3.58.1.tgz"
  integrity sha512-X9QTSvGJ0nCfMzYOnaVs/k6/4L+7F5uCS+4iUmkLEls6J9S/Phv+m/i3mDeyc49ZBgwab3EFO1HEoBY7k98EGQ==

"@vis.gl/react-google-maps@^1.5.2":
  version "1.5.2"
  resolved "https://registry.npmjs.org/@vis.gl/react-google-maps/-/react-google-maps-1.5.2.tgz"
  integrity sha512-0Ypmde7M73GgV4TgcaUTNKXsbcXWToPVuawMNrVg7htXmhpEfLARHwhtmP6N1da3od195ZKC8ShXzC6Vm+zYHQ==
  dependencies:
    "@types/google.maps" "^3.54.10"
    fast-deep-equal "^3.1.3"

classnames@^2.5.1:
  version "2.5.1"
  resolved "https://registry.npmjs.org/classnames/-/classnames-2.5.1.tgz"
  integrity sha512-saHYOzhIQs6wy2sVxTM6bUDsQO4F50V9RQ22qBpEdCW+I+/Wmke2HOl6lS6dTpdxVhb88/I6+Hs+438c3lfUow==

fast-deep-equal@^3.1.3:
  version "3.1.3"
  resolved "https://registry.npmjs.org/fast-deep-equal/-/fast-deep-equal-3.1.3.tgz"
  integrity sha512-f3qQ9oQy9j2AhBe/H9VC91wLmKBCCU/gDOnKNAYG5hswO7BLKj09Hc5HYNz9cGI++xlpDCIgDaitVs03ATR84Q==

invariant@2.2.4:
  version "2.2.4"
  resolved "https://registry.npmjs.org/invariant/-/invariant-2.2.4.tgz"
  integrity sha512-phJfQVBuaJM5raOpJjSfkiD6BpbCE4Ns//LaXl6wGYtUBY83nWS6Rf9tXm2e8VaK60JEjYldbPif/A2B1C2gNA==
  dependencies:
    loose-envify "^1.0.0"

"js-tokens@^3.0.0 || ^4.0.0":
  version "4.0.0"
  resolved "https://registry.npmjs.org/js-tokens/-/js-tokens-4.0.0.tgz"
  integrity sha512-RdJUflcE3cUzKiMqQgsCu06FPu9UdIJO0beYbPhHN4k6apgJtifcoCtT9bcxOpYBtpD2kCM6Sbzg4CausW/PKQ==

kdbush@^4.0.2:
  version "4.0.2"
  resolved "https://registry.npmjs.org/kdbush/-/kdbush-4.0.2.tgz"
  integrity sha512-WbCVYJ27Sz8zi9Q7Q0xHC+05iwkm3Znipc2XTlrnJbsHMYktW4hPhXUE8Ys1engBrvffoSCqbil1JQAa7clRpA==

loose-envify@^1.0.0:
  version "1.4.0"
  resolved "https://registry.npmjs.org/loose-envify/-/loose-envify-1.4.0.tgz"
  integrity sha512-lyuxPGr/Wfhrlem2CL/UcnUc1zcqKAImBDzukY7Y5F/yQiNdko6+fRLevlw1HgMySw7f611UIY408EtxRSoK3Q==
  dependencies:
    js-tokens "^3.0.0 || ^4.0.0"

"react-dom@^16.8 || ^17 || ^18 || ^19", "react-dom@>=16.8.0 || ^19.0 || ^19.0.0-rc":
  version "19.1.0"
  resolved "https://registry.npmjs.org/react-dom/-/react-dom-19.1.0.tgz"
  integrity sha512-Xs1hdnE+DyKgeHJeJznQmYMIBG3TKIHJJT95Q58nHLSrElKlGQqDTR2HQ9fx5CN/Gk6Vh/kupBTDLU11/nDk/g==
  dependencies:
    scheduler "^0.26.0"

"react@^16.8 || ^17 || ^18 || ^19", react@^19.1.0, "react@>=16.8.0 || ^19.0 || ^19.0.0-rc":
  version "19.1.0"
  resolved "https://registry.npmjs.org/react/-/react-19.1.0.tgz"
  integrity sha512-FS+XFBNvn3GTAWq26joslQgWNoFu08F4kl0J4CgdNKADkdSGXQyTCnKteIAJy96Br6YbpEU1LSzV5dYtjMkMDg==

scheduler@^0.26.0:
  version "0.26.0"
  resolved "https://registry.npmjs.org/scheduler/-/scheduler-0.26.0.tgz"
  integrity sha512-NlHwttCI/l5gCPR3D1nNXtWABUmBwvZpEQiD4IXSbIDq8BzLIK/7Ir5gTFSGZDUu37K5cMNp0hFtzO38sC7gWA==

supercluster@^8.0.1:
  version "8.0.1"
  resolved "https://registry.npmjs.org/supercluster/-/supercluster-8.0.1.tgz"
  integrity sha512-IiOea5kJ9iqzD2t7QJq/cREyLHTtSmUT6gQsweojg9WH2sYJqZK9SswTu6jrscO6D1G5v5vYZ9ru/eq85lXeZQ==
  dependencies:
    kdbush "^4.0.2"
