// !$*UTF8*$!
{
	archiveVersion = 1;
	classes = {
	};
	objectVersion = 56;
	objects = {

/* Begin PBXBuildFile section */
		A5A5A5A51A1A1A1A1A1A1A1A /* AppDelegate.swift in Sources */ = {isa = PBXBuildFile; fileRef = A5A5A5A41A1A1A1A1A1A1A1A /* AppDelegate.swift */; };
		A5A5A5A71A1A1A1A1A1A1A1A /* SceneDelegate.swift in Sources */ = {isa = PBXBuildFile; fileRef = A5A5A5A61A1A1A1A1A1A1A1A /* SceneDelegate.swift */; };
		A5A5A5A91A1A1A1A1A1A1A1A /* ViewController.swift in Sources */ = {isa = PBXBuildFile; fileRef = A5A5A5A81A1A1A1A1A1A1A1A /* ViewController.swift */; };
		A5A5A5AC1A1A1A1A1A1A1A1A /* Main.storyboard in Resources */ = {isa = PBXBuildFile; fileRef = A5A5A5AA1A1A1A1A1A1A1A1A /* Main.storyboard */; };
		A5A5A5AE1A1A1A1A1A1A1A1A /* Assets.xcassets in Resources */ = {isa = PBXBuildFile; fileRef = A5A5A5AD1A1A1A1A1A1A1A1A /* Assets.xcassets */; };
		A5A5A5B11A1A1A1A1A1A1A1A /* LaunchScreen.storyboard in Resources */ = {isa = PBXBuildFile; fileRef = A5A5A5AF1A1A1A1A1A1A1A1A /* LaunchScreen.storyboard */; };
		A5A5A5B91A1A1A1A1A1A1A1A /* NetworkService.swift in Sources */ = {isa = PBXBuildFile; fileRef = A5A5A5B81A1A1A1A1A1A1A1A /* NetworkService.swift */; };
		A5A5A5BB1A1A1A1A1A1A1A1A /* VehicleService.swift in Sources */ = {isa = PBXBuildFile; fileRef = A5A5A5BA1A1A1A1A1A1A1A1A /* VehicleService.swift */; };
		A5A5A5BD1A1A1A1A1A1A1A1A /* Vehicle.swift in Sources */ = {isa = PBXBuildFile; fileRef = A5A5A5BC1A1A1A1A1A1A1A1A /* Vehicle.swift */; };
/* End PBXBuildFile section */

/* Begin PBXFileReference section */
		A5A5A5A11A1A1A1A1A1A1A1A /* SAVMS.app */ = {isa = PBXFileReference; explicitFileType = wrapper.application; includeInIndex = 0; path = SAVMS.app; sourceTree = BUILT_PRODUCTS_DIR; };
		A5A5A5A41A1A1A1A1A1A1A1A /* AppDelegate.swift */ = {isa = PBXFileReference; lastKnownFileType = sourcecode.swift; path = AppDelegate.swift; sourceTree = "<group>"; };
		A5A5A5A61A1A1A1A1A1A1A1A /* SceneDelegate.swift */ = {isa = PBXFileReference; lastKnownFileType = sourcecode.swift; path = SceneDelegate.swift; sourceTree = "<group>"; };
		A5A5A5A81A1A1A1A1A1A1A1A /* ViewController.swift */ = {isa = PBXFileReference; lastKnownFileType = sourcecode.swift; path = ViewController.swift; sourceTree = "<group>"; };
		A5A5A5AB1A1A1A1A1A1A1A1A /* Base */ = {isa = PBXFileReference; lastKnownFileType = file.storyboard; name = Base; path = Base.lproj/Main.storyboard; sourceTree = "<group>"; };
		A5A5A5AD1A1A1A1A1A1A1A1A /* Assets.xcassets */ = {isa = PBXFileReference; lastKnownFileType = folder.assetcatalog; path = Assets.xcassets; sourceTree = "<group>"; };
		A5A5A5B01A1A1A1A1A1A1A1A /* Base */ = {isa = PBXFileReference; lastKnownFileType = file.storyboard; name = Base; path = Base.lproj/LaunchScreen.storyboard; sourceTree = "<group>"; };
		A5A5A5B21A1A1A1A1A1A1A1A /* Info.plist */ = {isa = PBXFileReference; lastKnownFileType = text.plist.xml; path = Info.plist; sourceTree = "<group>"; };
		A5A5A5B81A1A1A1A1A1A1A1A /* NetworkService.swift */ = {isa = PBXFileReference; lastKnownFileType = sourcecode.swift; path = NetworkService.swift; sourceTree = "<group>"; };
		A5A5A5BA1A1A1A1A1A1A1A1A /* VehicleService.swift */ = {isa = PBXFileReference; lastKnownFileType = sourcecode.swift; path = VehicleService.swift; sourceTree = "<group>"; };
		A5A5A5BC1A1A1A1A1A1A1A1A /* Vehicle.swift */ = {isa = PBXFileReference; lastKnownFileType = sourcecode.swift; path = Vehicle.swift; sourceTree = "<group>"; };
/* End PBXFileReference section */

/* Begin PBXFrameworksBuildPhase section */
		A5A5A59E1A1A1A1A1A1A1A1A /* Frameworks */ = {
			isa = PBXFrameworksBuildPhase;
			buildActionMask = 2147483647;
			files = (
			);
			runOnlyForDeploymentPostprocessing = 0;
		};
/* End PBXFrameworksBuildPhase section */

/* Begin PBXGroup section */
		A5A5A5981A1A1A1A1A1A1A1A = {
			isa = PBXGroup;
			children = (
				A5A5A5A31A1A1A1A1A1A1A1A /* SAVMS */,
				A5A5A5A21A1A1A1A1A1A1A1A /* Products */,
			);
			sourceTree = "<group>";
		};
		A5A5A5A21A1A1A1A1A1A1A1A /* Products */ = {
			isa = PBXGroup;
			children = (
				A5A5A5A11A1A1A1A1A1A1A1A /* SAVMS.app */,
			);
			name = Products;
			sourceTree = "<group>";
		};
		A5A5A5A31A1A1A1A1A1A1A1A /* SAVMS */ = {
			isa = PBXGroup;
			children = (
				A5A5A5BE1A1A1A1A1A1A1A1A /* Models */,
				A5A5A5BF1A1A1A1A1A1A1A1A /* Services */,
				A5A5A5C01A1A1A1A1A1A1A1A /* ViewControllers */,
				A5A5A5A41A1A1A1A1A1A1A1A /* AppDelegate.swift */,
				A5A5A5A61A1A1A1A1A1A1A1A /* SceneDelegate.swift */,
				A5A5A5AA1A1A1A1A1A1A1A1A /* Main.storyboard */,
				A5A5A5AD1A1A1A1A1A1A1A1A /* Assets.xcassets */,
				A5A5A5AF1A1A1A1A1A1A1A1A /* LaunchScreen.storyboard */,
				A5A5A5B21A1A1A1A1A1A1A1A /* Info.plist */,
			);
			path = SAVMS;
			sourceTree = "<group>";
		};
		A5A5A5BE1A1A1A1A1A1A1A1A /* Models */ = {
			isa = PBXGroup;
			children = (
				A5A5A5BC1A1A1A1A1A1A1A1A /* Vehicle.swift */,
			);
			path = Models;
			sourceTree = "<group>";
		};
		A5A5A5BF1A1A1A1A1A1A1A1A /* Services */ = {
			isa = PBXGroup;
			children = (
				A5A5A5B81A1A1A1A1A1A1A1A /* NetworkService.swift */,
				A5A5A5BA1A1A1A1A1A1A1A1A /* VehicleService.swift */,
			);
			path = Services;
			sourceTree = "<group>";
		};
		A5A5A5C01A1A1A1A1A1A1A1A /* ViewControllers */ = {
			isa = PBXGroup;
			children = (
				A5A5A5A81A1A1A1A1A1A1A1A /* ViewController.swift */,
			);
			path = ViewControllers;
			sourceTree = "<group>";
		};
/* End PBXGroup section */

/* Begin PBXNativeTarget section */
		A5A5A5A01A1A1A1A1A1A1A1A /* SAVMS */ = {
			isa = PBXNativeTarget;
			buildConfigurationList = A5A5A5B51A1A1A1A1A1A1A1A /* Build configuration list for PBXNativeTarget "SAVMS" */;
			buildPhases = (
				A5A5A59D1A1A1A1A1A1A1A1A /* Sources */,
				A5A5A59E1A1A1A1A1A1A1A1A /* Frameworks */,
				A5A5A59F1A1A1A1A1A1A1A1A /* Resources */,
			);
			buildRules = (
			);
			dependencies = (
			);
			name = SAVMS;
			productName = SAVMS;
			productReference = A5A5A5A11A1A1A1A1A1A1A1A /* SAVMS.app */;
			productType = "com.apple.product-type.application";
		};
/* End PBXNativeTarget section */

/* Begin PBXProject section */
		A5A5A5991A1A1A1A1A1A1A1A /* Project object */ = {
			isa = PBXProject;
			attributes = {
				BuildIndependentTargetsInParallel = 1;
				LastSwiftUpdateCheck = 1500;
				LastUpgradeCheck = 1500;
				TargetAttributes = {
					A5A5A5A01A1A1A1A1A1A1A1A = {
						CreatedOnToolsVersion = 15.0;
					};
				};
			};
			buildConfigurationList = A5A5A59C1A1A1A1A1A1A1A1A /* Build configuration list for PBXProject "SAVMS" */;
			compatibilityVersion = "Xcode 14.0";
			developmentRegion = en;
			hasScannedForEncodings = 0;
			knownRegions = (
				en,
				Base,
			);
			mainGroup = A5A5A5981A1A1A1A1A1A1A1A;
			productRefGroup = A5A5A5A21A1A1A1A1A1A1A1A /* Products */;
			projectDirPath = "";
			projectRoot = "";
			targets = (
				A5A5A5A01A1A1A1A1A1A1A1A /* SAVMS */,
			);
		};
/* End PBXProject section */

/* Begin PBXResourcesBuildPhase section */
		A5A5A59F1A1A1A1A1A1A1A1A /* Resources */ = {
			isa = PBXResourcesBuildPhase;
			buildActionMask = 2147483647;
			files = (
				A5A5A5B11A1A1A1A1A1A1A1A /* LaunchScreen.storyboard in Resources */,
				A5A5A5AE1A1A1A1A1A1A1A1A /* Assets.xcassets in Resources */,
				A5A5A5AC1A1A1A1A1A1A1A1A /* Main.storyboard in Resources */,
			);
			runOnlyForDeploymentPostprocessing = 0;
		};
/* End PBXResourcesBuildPhase section */

/* Begin PBXSourcesBuildPhase section */
		A5A5A59D1A1A1A1A1A1A1A1A /* Sources */ = {
			isa = PBXSourcesBuildPhase;
			buildActionMask = 2147483647;
			files = (
				A5A5A5A91A1A1A1A1A1A1A1A /* ViewController.swift in Sources */,
				A5A5A5BD1A1A1A1A1A1A1A1A /* Vehicle.swift in Sources */,
				A5A5A5BB1A1A1A1A1A1A1A1A /* VehicleService.swift in Sources */,
				A5A5A5A51A1A1A1A1A1A1A1A /* AppDelegate.swift in Sources */,
				A5A5A5B91A1A1A1A1A1A1A1A /* NetworkService.swift in Sources */,
				A5A5A5A71A1A1A1A1A1A1A1A /* SceneDelegate.swift in Sources */,
			);
			runOnlyForDeploymentPostprocessing = 0;
		};
/* End PBXSourcesBuildPhase section */

/* Begin PBXVariantGroup section */
		A5A5A5AA1A1A1A1A1A1A1A1A /* Main.storyboard */ = {
			isa = PBXVariantGroup;
			children = (
				A5A5A5AB1A1A1A1A1A1A1A1A /* Base */,
			);
			name = Main.storyboard;
			sourceTree = "<group>";
		};
		A5A5A5AF1A1A1A1A1A1A1A1A /* LaunchScreen.storyboard */ = {
			isa = PBXVariantGroup;
			children = (
				A5A5A5B01A1A1A1A1A1A1A1A /* Base */,
			);
			name = LaunchScreen.storyboard;
			sourceTree = "<group>";
		};
/* End PBXVariantGroup section */

/* Begin XCBuildConfiguration section */
		A5A5A5B31A1A1A1A1A1A1A1A /* Debug */ = {
			isa = XCBuildConfiguration;
			buildSettings = {
				ALWAYS_SEARCH_USER_PATHS = NO;
				ASSETCATALOG_COMPILER_GENERATE_SWIFT_ASSET_SYMBOL_EXTENSIONS = YES;
				CLANG_ANALYZER_NONNULL = YES;
				CLANG_ANALYZER_NUMBER_OBJECT_CONVERSION = YES_AGGRESSIVE;
				CLANG_CXX_LANGUAGE_STANDARD = "gnu++20";
				CLANG_ENABLE_MODULES = YES;
				CLANG_ENABLE_OBJC_ARC = YES;
				CLANG_ENABLE_OBJC_WEAK = YES;
				CLANG_WARN_BLOCK_CAPTURE_AUTORELEASING = YES;
				CLANG_WARN_BOOL_CONVERSION = YES;
				CLANG_WARN_COMMA = YES;
				CLANG_WARN_CONSTANT_CONVERSION = YES;
				CLANG_WARN_DEPRECATED_OBJC_IMPLEMENTATIONS = YES;
				CLANG_WARN_DIRECT_OBJC_ISA_USAGE = YES_ERROR;
				CLANG_WARN_DOCUMENTATION_COMMENTS = YES;
				CLANG_WARN_EMPTY_BODY = YES;
				CLANG_WARN_ENUM_CONVERSION = YES;
				CLANG_WARN_INFINITE_RECURSION = YES;
				CLANG_WARN_INT_CONVERSION = YES;
				CLANG_WARN_NON_LITERAL_NULL_CONVERSION = YES;
				CLANG_WARN_OBJC_IMPLICIT_RETAIN_SELF = YES;
				CLANG_WARN_OBJC_LITERAL_CONVERSION = YES;
				CLANG_WARN_OBJC_ROOT_CLASS = YES_ERROR;
				CLANG_WARN_QUOTED_INCLUDE_IN_FRAMEWORK_HEADER = YES;
				CLANG_WARN_RANGE_LOOP_ANALYSIS = YES;
				CLANG_WARN_STRICT_PROTOTYPES = YES;
				CLANG_WARN_SUSPICIOUS_MOVE = YES;
				CLANG_WARN_UNGUARDED_AVAILABILITY = YES_AGGRESSIVE;
				CLANG_WARN_UNREACHABLE_CODE = YES;
				CLANG_WARN__DUPLICATE_METHOD_MATCH = YES;
				COPY_PHASE_STRIP = NO;
				DEBUG_INFORMATION_FORMAT = dwarf;
				ENABLE_STRICT_OBJC_MSGSEND = YES;
				ENABLE_TESTABILITY = YES;
				GCC_C_LANGUAGE_STANDARD = gnu11;
				GCC_DYNAMIC_NO_PIC = NO;
				GCC_NO_COMMON_BLOCKS = YES;
				GCC_OPTIMIZATION_LEVEL = 0;
				GCC_PREPROCESSOR_DEFINITIONS = (
					"DEBUG=1",
					"$(inherited)",
				);
				GCC_WARN_64_TO_32_BIT_CONVERSION = YES;
				GCC_WARN_ABOUT_RETURN_TYPE = YES_ERROR;
				GCC_WARN_UNDECLARED_SELECTOR = YES;
				GCC_WARN_UNINITIALIZED_AUTOS = YES_AGGRESSIVE;
				GCC_WARN_UNUSED_FUNCTION = YES;
				GCC_WARN_UNUSED_VARIABLE = YES;
				IPHONEOS_DEPLOYMENT_TARGET = 15.0;
				MTL_ENABLE_DEBUG_INFO = INCLUDE_SOURCE;
				MTL_FAST_MATH = YES;
				ONLY_ACTIVE_ARCH = YES;
				SDKROOT = iphoneos;
				SWIFT_ACTIVE_COMPILATION_CONDITIONS = DEBUG;
				SWIFT_OPTIMIZATION_LEVEL = "-Onone";
			};
			name = Debug;
		};
		A5A5A5B41A1A1A1A1A1A1A1A /* Release */ = {
			isa = XCBuildConfiguration;
			buildSettings = {
				ALWAYS_SEARCH_USER_PATHS = NO;
				ASSETCATALOG_COMPILER_GENERATE_SWIFT_ASSET_SYMBOL_EXTENSIONS = YES;
				CLANG_ANALYZER_NONNULL = YES;
				CLANG_ANALYZER_NUMBER_OBJECT_CONVERSION = YES_AGGRESSIVE;
				CLANG_CXX_LANGUAGE_STANDARD = "gnu++20";
				CLANG_ENABLE_MODULES = YES;
				CLANG_ENABLE_OBJC_ARC = YES;
				CLANG_ENABLE_OBJC_WEAK = YES;
				CLANG_WARN_BLOCK_CAPTURE_AUTORELEASING = YES;
				CLANG_WARN_BOOL_CONVERSION = YES;
				CLANG_WARN_COMMA = YES;
				CLANG_WARN_CONSTANT_CONVERSION = YES;
				CLANG_WARN_DEPRECATED_OBJC_IMPLEMENTATIONS = YES;
				CLANG_WARN_DIRECT_OBJC_ISA_USAGE = YES_ERROR;
				CLANG_WARN_DOCUMENTATION_COMMENTS = YES;
				CLANG_WARN_EMPTY_BODY = YES;
				CLANG_WARN_ENUM_CONVERSION = YES;
				CLANG_WARN_INFINITE_RECURSION = YES;
				CLANG_WARN_INT_CONVERSION = YES;
				CLANG_WARN_NON_LITERAL_NULL_CONVERSION = YES;
				CLANG_WARN_OBJC_IMPLICIT_RETAIN_SELF = YES;
				CLANG_WARN_OBJC_LITERAL_CONVERSION = YES;
				CLANG_WARN_OBJC_ROOT_CLASS = YES_ERROR;
				CLANG_WARN_QUOTED_INCLUDE_IN_FRAMEWORK_HEADER = YES;
				CLANG_WARN_RANGE_LOOP_ANALYSIS = YES;
				CLANG_WARN_STRICT_PROTOTYPES = YES;
				CLANG_WARN_SUSPICIOUS_MOVE = YES;
				CLANG_WARN_UNGUARDED_AVAILABILITY = YES_AGGRESSIVE;
				CLANG_WARN_UNREACHABLE_CODE = YES;
				CLANG_WARN__DUPLICATE_METHOD_MATCH = YES;
				COPY_PHASE_STRIP = NO;
				DEBUG_INFORMATION_FORMAT = "dwarf-with-dsym";
				ENABLE_NS_ASSERTIONS = NO;
				ENABLE_STRICT_OBJC_MSGSEND = YES;
				GCC_C_LANGUAGE_STANDARD = gnu11;
				GCC_NO_COMMON_BLOCKS = YES;
				GCC_WARN_64_TO_32_BIT_CONVERSION = YES;
				GCC_WARN_ABOUT_RETURN_TYPE = YES_ERROR;
				GCC_WARN_UNDECLARED_SELECTOR = YES;
				GCC_WARN_UNINITIALIZED_AUTOS = YES_AGGRESSIVE;
				GCC_WARN_UNUSED_FUNCTION = YES;
				GCC_WARN_UNUSED_VARIABLE = YES;
				IPHONEOS_DEPLOYMENT_TARGET = 15.0;
				MTL_ENABLE_DEBUG_INFO = NO;
				MTL_FAST_MATH = YES;
				SDKROOT = iphoneos;
				SWIFT_COMPILATION_MODE = wholemodule;
				SWIFT_OPTIMIZATION_LEVEL = "-O";
				VALIDATE_PRODUCT = YES;
			};
			name = Release;
		};
		A5A5A5B61A1A1A1A1A1A1A1A /* Debug */ = {
			isa = XCBuildConfiguration;
			buildSettings = {
				ASSETCATALOG_COMPILER_APPICON_NAME = AppIcon;
				ASSETCATALOG_COMPILER_GLOBAL_ACCENT_COLOR_NAME = AccentColor;
				CODE_SIGN_STYLE = Automatic;
				CURRENT_PROJECT_VERSION = 1;
				GENERATE_INFOPLIST_FILE = YES;
				INFOPLIST_FILE = SAVMS/Info.plist;
				INFOPLIST_KEY_UIApplicationSupportsIndirectInputEvents = YES;
				INFOPLIST_KEY_UILaunchStoryboardName = LaunchScreen;
				INFOPLIST_KEY_UIMainStoryboardFile = Main;
				INFOPLIST_KEY_UISupportedInterfaceOrientations_iPad = "UIInterfaceOrientationPortrait UIInterfaceOrientationPortraitUpsideDown UIInterfaceOrientationLandscapeLeft UIInterfaceOrientationLandscapeRight";
				INFOPLIST_KEY_UISupportedInterfaceOrientations_iPhone = "UIInterfaceOrientationPortrait UIInterfaceOrientationLandscapeLeft UIInterfaceOrientationLandscapeRight";
				LD_RUNPATH_SEARCH_PATHS = (
					"$(inherited)",
					"@executable_path/Frameworks",
				);
				MARKETING_VERSION = 1.0;
				PRODUCT_BUNDLE_IDENTIFIER = com.savms.app;
				PRODUCT_NAME = "$(TARGET_NAME)";
				SWIFT_EMIT_LOC_STRINGS = YES;
				SWIFT_VERSION = 5.0;
				TARGETED_DEVICE_FAMILY = "1,2";
			};
			name = Debug;
		};
		A5A5A5B71A1A1A1A1A1A1A1A /* Release */ = {
			isa = XCBuildConfiguration;
			buildSettings = {
				ASSETCATALOG_COMPILER_APPICON_NAME = AppIcon;
				ASSETCATALOG_COMPILER_GLOBAL_ACCENT_COLOR_NAME = AccentColor;
				CODE_SIGN_STYLE = Automatic;
				CURRENT_PROJECT_VERSION = 1;
				GENERATE_INFOPLIST_FILE = YES;
				INFOPLIST_FILE = SAVMS/Info.plist;
				INFOPLIST_KEY_UIApplicationSupportsIndirectInputEvents = YES;
				INFOPLIST_KEY_UILaunchStoryboardName = LaunchScreen;
				INFOPLIST_KEY_UIMainStoryboardFile = Main;
				INFOPLIST_KEY_UISupportedInterfaceOrientations_iPad = "UIInterfaceOrientationPortrait UIInterfaceOrientationPortraitUpsideDown UIInterfaceOrientationLandscapeLeft UIInterfaceOrientationLandscapeRight";
				INFOPLIST_KEY_UISupportedInterfaceOrientations_iPhone = "UIInterfaceOrientationPortrait UIInterfaceOrientationLandscapeLeft UIInterfaceOrientationLandscapeRight";
				LD_RUNPATH_SEARCH_PATHS = (
					"$(inherited)",
					"@executable_path/Frameworks",
				);
				MARKETING_VERSION = 1.0;
				PRODUCT_BUNDLE_IDENTIFIER = com.savms.app;
				PRODUCT_NAME = "$(TARGET_NAME)";
				SWIFT_EMIT_LOC_STRINGS = YES;
				SWIFT_VERSION = 5.0;
				TARGETED_DEVICE_FAMILY = "1,2";
			};
			name = Release;
		};
/* End XCBuildConfiguration section */

/* Begin XCConfigurationList section */
		A5A5A59C1A1A1A1A1A1A1A1A /* Build configuration list for PBXProject "SAVMS" */ = {
			isa = XCConfigurationList;
			buildConfigurations = (
				A5A5A5B31A1A1A1A1A1A1A1A /* Debug */,
				A5A5A5B41A1A1A1A1A1A1A1A /* Release */,
			);
			defaultConfigurationIsVisible = 0;
			defaultConfigurationName = Release;
		};
		A5A5A5B51A1A1A1A1A1A1A1A /* Build configuration list for PBXNativeTarget "SAVMS" */ = {
			isa = XCConfigurationList;
			buildConfigurations = (
				A5A5A5B61A1A1A1A1A1A1A1A /* Debug */,
				A5A5A5B71A1A1A1A1A1A1A1A /* Release */,
			);
			defaultConfigurationIsVisible = 0;
			defaultConfigurationName = Release;
		};
/* End XCConfigurationList section */
	};
	rootObject = A5A5A5991A1A1A1A1A1A1A1A /* Project object */;
}