{
  "originHash" : "fe5dd08882d08507f16493adf883e323b1dd5a821ac629f6777702bda6b2ba4e",
  "pins" : [
    {
      "identity" : "ios-maps-sdk",
      "kind" : "remoteSourceControl",
      "location" : "https://github.com/googlemaps/ios-maps-sdk",
      "state" : {
        "revision" : "8f10336ab74ed8fa02317d4e956514b81938be12",
        "version" : "10.1.0"
      }
    }
  ],
  "version" : 3
}
