// !$*UTF8*$!
{
	archiveVersion = 1;
	classes = {
	};
	objectVersion = 77;
	objects = {

/* Begin PBXContainerItemProxy section */
		2FC1EB892E37BB1C004DB972 /* PBXContainerItemProxy */ = {
			isa = PBXContainerItemProxy;
			containerPortal = 2FC1EB732E37BB1A004DB972 /* Project object */;
			proxyType = 1;
			remoteGlobalIDString = 2FC1EB7A2E37BB1A004DB972;
			remoteInfo = SAVMS;
		};
		2FC1EB932E37BB1D004DB972 /* PBXContainerItemProxy */ = {
			isa = PBXContainerItemProxy;
			containerPortal = 2FC1EB732E37BB1A004DB972 /* Project object */;
			proxyType = 1;
			remoteGlobalIDString = 2FC1EB7A2E37BB1A004DB972;
			remoteInfo = SAVMS;
		};
/* End PBXContainerItemProxy section */

/* Begin PBXFileReference section */
		2FC1EB7B2E37BB1A004DB972 /* SAVMS.app */ = {isa = PBXFileReference; explicitFileType = wrapper.application; includeInIndex = 0; path = SAVMS.app; sourceTree = BUILT_PRODUCTS_DIR; };
		2FC1EB882E37BB1C004DB972 /* SAVMSTests.xctest */ = {isa = PBXFileReference; explicitFileType = wrapper.cfbundle; includeInIndex = 0; path = SAVMSTests.xctest; sourceTree = BUILT_PRODUCTS_DIR; };
		2FC1EB922E37BB1C004DB972 /* SAVMSUITests.xctest */ = {isa = PBXFileReference; explicitFileType = wrapper.cfbundle; includeInIndex = 0; path = SAVMSUITests.xctest; sourceTree = BUILT_PRODUCTS_DIR; };
/* End PBXFileReference section */

/* Begin PBXFileSystemSynchronizedRootGroup section */
		2FC1EB7D2E37BB1A004DB972 /* SAVMS */ = {
			isa = PBXFileSystemSynchronizedRootGroup;
			path = SAVMS;
			sourceTree = "<group>";
		};
		2FC1EB8B2E37BB1C004DB972 /* SAVMSTests */ = {
			isa = PBXFileSystemSynchronizedRootGroup;
			path = SAVMSTests;
			sourceTree = "<group>";
		};
		2FC1EB952E37BB1D004DB972 /* SAVMSUITests */ = {
			isa = PBXFileSystemSynchronizedRootGroup;
			path = SAVMSUITests;
			sourceTree = "<group>";
		};
/* End PBXFileSystemSynchronizedRootGroup section */

/* Begin PBXFrameworksBuildPhase section */
		2FC1EB782E37BB1A004DB972 /* Frameworks */ = {
			isa = PBXFrameworksBuildPhase;
			buildActionMask = 2147483647;
			files = (
			);
			runOnlyForDeploymentPostprocessing = 0;
		};
		2FC1EB852E37BB1C004DB972 /* Frameworks */ = {
			isa = PBXFrameworksBuildPhase;
			buildActionMask = 2147483647;
			files = (
			);
			runOnlyForDeploymentPostprocessing = 0;
		};
		2FC1EB8F2E37BB1C004DB972 /* Frameworks */ = {
			isa = PBXFrameworksBuildPhase;
			buildActionMask = 2147483647;
			files = (
			);
			runOnlyForDeploymentPostprocessing = 0;
		};
/* End PBXFrameworksBuildPhase section */

/* Begin PBXGroup section */
		2FC1EB722E37BB1A004DB972 = {
			isa = PBXGroup;
			children = (
				2FC1EB7D2E37BB1A004DB972 /* SAVMS */,
				2FC1EB8B2E37BB1C004DB972 /* SAVMSTests */,
				2FC1EB952E37BB1D004DB972 /* SAVMSUITests */,
				2FC1EB7C2E37BB1A004DB972 /* Products */,
			);
			sourceTree = "<group>";
		};
		2FC1EB7C2E37BB1A004DB972 /* Products */ = {
			isa = PBXGroup;
			children = (
				2FC1EB7B2E37BB1A004DB972 /* SAVMS.app */,
				2FC1EB882E37BB1C004DB972 /* SAVMSTests.xctest */,
				2FC1EB922E37BB1C004DB972 /* SAVMSUITests.xctest */,
			);
			name = Products;
			sourceTree = "<group>";
		};
/* End PBXGroup section */

/* Begin PBXNativeTarget section */
		2FC1EB7A2E37BB1A004DB972 /* SAVMS */ = {
			isa = PBXNativeTarget;
			buildConfigurationList = 2FC1EB9C2E37BB1D004DB972 /* Build configuration list for PBXNativeTarget "SAVMS" */;
			buildPhases = (
				2FC1EB772E37BB1A004DB972 /* Sources */,
				2FC1EB782E37BB1A004DB972 /* Frameworks */,
				2FC1EB792E37BB1A004DB972 /* Resources */,
			);
			buildRules = (
			);
			dependencies = (
			);
			fileSystemSynchronizedGroups = (
				2FC1EB7D2E37BB1A004DB972 /* SAVMS */,
			);
			name = SAVMS;
			packageProductDependencies = (
			);
			productName = SAVMS;
			productReference = 2FC1EB7B2E37BB1A004DB972 /* SAVMS.app */;
			productType = "com.apple.product-type.application";
		};
		2FC1EB872E37BB1C004DB972 /* SAVMSTests */ = {
			isa = PBXNativeTarget;
			buildConfigurationList = 2FC1EB9F2E37BB1D004DB972 /* Build configuration list for PBXNativeTarget "SAVMSTests" */;
			buildPhases = (
				2FC1EB842E37BB1C004DB972 /* Sources */,
				2FC1EB852E37BB1C004DB972 /* Frameworks */,
				2FC1EB862E37BB1C004DB972 /* Resources */,
			);
			buildRules = (
			);
			dependencies = (
				2FC1EB8A2E37BB1C004DB972 /* PBXTargetDependency */,
			);
			fileSystemSynchronizedGroups = (
				2FC1EB8B2E37BB1C004DB972 /* SAVMSTests */,
			);
			name = SAVMSTests;
			packageProductDependencies = (
			);
			productName = SAVMSTests;
			productReference = 2FC1EB882E37BB1C004DB972 /* SAVMSTests.xctest */;
			productType = "com.apple.product-type.bundle.unit-test";
		};
		2FC1EB912E37BB1C004DB972 /* SAVMSUITests */ = {
			isa = PBXNativeTarget;
			buildConfigurationList = 2FC1EBA22E37BB1D004DB972 /* Build configuration list for PBXNativeTarget "SAVMSUITests" */;
			buildPhases = (
				2FC1EB8E2E37BB1C004DB972 /* Sources */,
				2FC1EB8F2E37BB1C004DB972 /* Frameworks */,
				2FC1EB902E37BB1C004DB972 /* Resources */,
			);
			buildRules = (
			);
			dependencies = (
				2FC1EB942E37BB1D004DB972 /* PBXTargetDependency */,
			);
			fileSystemSynchronizedGroups = (
				2FC1EB952E37BB1D004DB972 /* SAVMSUITests */,
			);
			name = SAVMSUITests;
			packageProductDependencies = (
			);
			productName = SAVMSUITests;
			productReference = 2FC1EB922E37BB1C004DB972 /* SAVMSUITests.xctest */;
			productType = "com.apple.product-type.bundle.ui-testing";
		};
/* End PBXNativeTarget section */

/* Begin PBXProject section */
		2FC1EB732E37BB1A004DB972 /* Project object */ = {
			isa = PBXProject;
			attributes = {
				BuildIndependentTargetsInParallel = 1;
				LastSwiftUpdateCheck = 1640;
				LastUpgradeCheck = 1640;
				TargetAttributes = {
					2FC1EB7A2E37BB1A004DB972 = {
						CreatedOnToolsVersion = 16.4;
					};
					2FC1EB872E37BB1C004DB972 = {
						CreatedOnToolsVersion = 16.4;
						TestTargetID = 2FC1EB7A2E37BB1A004DB972;
					};
					2FC1EB912E37BB1C004DB972 = {
						CreatedOnToolsVersion = 16.4;
						TestTargetID = 2FC1EB7A2E37BB1A004DB972;
					};
				};
			};
			buildConfigurationList = 2FC1EB762E37BB1A004DB972 /* Build configuration list for PBXProject "SAVMS" */;
			developmentRegion = en;
			hasScannedForEncodings = 0;
			knownRegions = (
				en,
				Base,
			);
			mainGroup = 2FC1EB722E37BB1A004DB972;
			minimizedProjectReferenceProxies = 1;
			preferredProjectObjectVersion = 77;
			productRefGroup = 2FC1EB7C2E37BB1A004DB972 /* Products */;
			projectDirPath = "";
			projectRoot = "";
			targets = (
				2FC1EB7A2E37BB1A004DB972 /* SAVMS */,
				2FC1EB872E37BB1C004DB972 /* SAVMSTests */,
				2FC1EB912E37BB1C004DB972 /* SAVMSUITests */,
			);
		};
/* End PBXProject section */

/* Begin PBXResourcesBuildPhase section */
		2FC1EB792E37BB1A004DB972 /* Resources */ = {
			isa = PBXResourcesBuildPhase;
			buildActionMask = 2147483647;
			files = (
			);
			runOnlyForDeploymentPostprocessing = 0;
		};
		2FC1EB862E37BB1C004DB972 /* Resources */ = {
			isa = PBXResourcesBuildPhase;
			buildActionMask = 2147483647;
			files = (
			);
			runOnlyForDeploymentPostprocessing = 0;
		};
		2FC1EB902E37BB1C004DB972 /* Resources */ = {
			isa = PBXResourcesBuildPhase;
			buildActionMask = 2147483647;
			files = (
			);
			runOnlyForDeploymentPostprocessing = 0;
		};
/* End PBXResourcesBuildPhase section */

/* Begin PBXSourcesBuildPhase section */
		2FC1EB772E37BB1A004DB972 /* Sources */ = {
			isa = PBXSourcesBuildPhase;
			buildActionMask = 2147483647;
			files = (
			);
			runOnlyForDeploymentPostprocessing = 0;
		};
		2FC1EB842E37BB1C004DB972 /* Sources */ = {
			isa = PBXSourcesBuildPhase;
			buildActionMask = 2147483647;
			files = (
			);
			runOnlyForDeploymentPostprocessing = 0;
		};
		2FC1EB8E2E37BB1C004DB972 /* Sources */ = {
			isa = PBXSourcesBuildPhase;
			buildActionMask = 2147483647;
			files = (
			);
			runOnlyForDeploymentPostprocessing = 0;
		};
/* End PBXSourcesBuildPhase section */

/* Begin PBXTargetDependency section */
		2FC1EB8A2E37BB1C004DB972 /* PBXTargetDependency */ = {
			isa = PBXTargetDependency;
			target = 2FC1EB7A2E37BB1A004DB972 /* SAVMS */;
			targetProxy = 2FC1EB892E37BB1C004DB972 /* PBXContainerItemProxy */;
		};
		2FC1EB942E37BB1D004DB972 /* PBXTargetDependency */ = {
			isa = PBXTargetDependency;
			target = 2FC1EB7A2E37BB1A004DB972 /* SAVMS */;
			targetProxy = 2FC1EB932E37BB1D004DB972 /* PBXContainerItemProxy */;
		};
/* End PBXTargetDependency section */

/* Begin XCBuildConfiguration section */
		2FC1EB9A2E37BB1D004DB972 /* Debug */ = {
			isa = XCBuildConfiguration;
			buildSettings = {
				ALWAYS_SEARCH_USER_PATHS = NO;
				ASSETCATALOG_COMPILER_GENERATE_SWIFT_ASSET_SYMBOL_EXTENSIONS = YES;
				CLANG_ANALYZER_NONNULL = YES;
				CLANG_ANALYZER_NUMBER_OBJECT_CONVERSION = YES_AGGRESSIVE;
				CLANG_CXX_LANGUAGE_STANDARD = "gnu++20";
				CLANG_ENABLE_MODULES = YES;
				CLANG_ENABLE_OBJC_ARC = YES;
				CLANG_ENABLE_OBJC_WEAK = YES;
				CLANG_WARN_BLOCK_CAPTURE_AUTORELEASING = YES;
				CLANG_WARN_BOOL_CONVERSION = YES;
				CLANG_WARN_COMMA = YES;
				CLANG_WARN_CONSTANT_CONVERSION = YES;
				CLANG_WARN_DEPRECATED_OBJC_IMPLEMENTATIONS = YES;
				CLANG_WARN_DIRECT_OBJC_ISA_USAGE = YES_ERROR;
				CLANG_WARN_DOCUMENTATION_COMMENTS = YES;
				CLANG_WARN_EMPTY_BODY = YES;
				CLANG_WARN_ENUM_CONVERSION = YES;
				CLANG_WARN_INFINITE_RECURSION = YES;
				CLANG_WARN_INT_CONVERSION = YES;
				CLANG_WARN_NON_LITERAL_NULL_CONVERSION = YES;
				CLANG_WARN_OBJC_IMPLICIT_RETAIN_SELF = YES;
				CLANG_WARN_OBJC_LITERAL_CONVERSION = YES;
				CLANG_WARN_OBJC_ROOT_CLASS = YES_ERROR;
				CLANG_WARN_QUOTED_INCLUDE_IN_FRAMEWORK_HEADER = YES;
				CLANG_WARN_RANGE_LOOP_ANALYSIS = YES;
				CLANG_WARN_STRICT_PROTOTYPES = YES;
				CLANG_WARN_SUSPICIOUS_MOVE = YES;
				CLANG_WARN_UNGUARDED_AVAILABILITY = YES_AGGRESSIVE;
				CLANG_WARN_UNREACHABLE_CODE = YES;
				CLANG_WARN__DUPLICATE_METHOD_MATCH = YES;
				COPY_PHASE_STRIP = NO;
				DEBUG_INFORMATION_FORMAT = dwarf;
				ENABLE_STRICT_OBJC_MSGSEND = YES;
				ENABLE_TESTABILITY = YES;
				ENABLE_USER_SCRIPT_SANDBOXING = YES;
				GCC_C_LANGUAGE_STANDARD = gnu17;
				GCC_DYNAMIC_NO_PIC = NO;
				GCC_NO_COMMON_BLOCKS = YES;
				GCC_OPTIMIZATION_LEVEL = 0;
				GCC_PREPROCESSOR_DEFINITIONS = (
					"DEBUG=1",
					"$(inherited)",
				);
				GCC_WARN_64_TO_32_BIT_CONVERSION = YES;
				GCC_WARN_ABOUT_RETURN_TYPE = YES_ERROR;
				GCC_WARN_UNDECLARED_SELECTOR = YES;
				GCC_WARN_UNINITIALIZED_AUTOS = YES_AGGRESSIVE;
				GCC_WARN_UNUSED_FUNCTION = YES;
				GCC_WARN_UNUSED_VARIABLE = YES;
				IPHONEOS_DEPLOYMENT_TARGET = 18.5;
				LOCALIZATION_PREFERS_STRING_CATALOGS = YES;
				MTL_ENABLE_DEBUG_INFO = INCLUDE_SOURCE;
				MTL_FAST_MATH = YES;
				ONLY_ACTIVE_ARCH = YES;
				SDKROOT = iphoneos;
				SWIFT_ACTIVE_COMPILATION_CONDITIONS = "DEBUG $(inherited)";
				SWIFT_OPTIMIZATION_LEVEL = "-Onone";
			};
			name = Debug;
		};
		2FC1EB9B2E37BB1D004DB972 /* Release */ = {
			isa = XCBuildConfiguration;
			buildSettings = {
				ALWAYS_SEARCH_USER_PATHS = NO;
				ASSETCATALOG_COMPILER_GENERATE_SWIFT_ASSET_SYMBOL_EXTENSIONS = YES;
				CLANG_ANALYZER_NONNULL = YES;
				CLANG_ANALYZER_NUMBER_OBJECT_CONVERSION = YES_AGGRESSIVE;
				CLANG_CXX_LANGUAGE_STANDARD = "gnu++20";
				CLANG_ENABLE_MODULES = YES;
				CLANG_ENABLE_OBJC_ARC = YES;
				CLANG_ENABLE_OBJC_WEAK = YES;
				CLANG_WARN_BLOCK_CAPTURE_AUTORELEASING = YES;
				CLANG_WARN_BOOL_CONVERSION = YES;
				CLANG_WARN_COMMA = YES;
				CLANG_WARN_CONSTANT_CONVERSION = YES;
				CLANG_WARN_DEPRECATED_OBJC_IMPLEMENTATIONS = YES;
				CLANG_WARN_DIRECT_OBJC_ISA_USAGE = YES_ERROR;
				CLANG_WARN_DOCUMENTATION_COMMENTS = YES;
				CLANG_WARN_EMPTY_BODY = YES;
				CLANG_WARN_ENUM_CONVERSION = YES;
				CLANG_WARN_INFINITE_RECURSION = YES;
				CLANG_WARN_INT_CONVERSION = YES;
				CLANG_WARN_NON_LITERAL_NULL_CONVERSION = YES;
				CLANG_WARN_OBJC_IMPLICIT_RETAIN_SELF = YES;
				CLANG_WARN_OBJC_LITERAL_CONVERSION = YES;
				CLANG_WARN_OBJC_ROOT_CLASS = YES_ERROR;
				CLANG_WARN_QUOTED_INCLUDE_IN_FRAMEWORK_HEADER = YES;
				CLANG_WARN_RANGE_LOOP_ANALYSIS = YES;
				CLANG_WARN_STRICT_PROTOTYPES = YES;
				CLANG_WARN_SUSPICIOUS_MOVE = YES;
				CLANG_WARN_UNGUARDED_AVAILABILITY = YES_AGGRESSIVE;
				CLANG_WARN_UNREACHABLE_CODE = YES;
				CLANG_WARN__DUPLICATE_METHOD_MATCH = YES;
				COPY_PHASE_STRIP = NO;
				DEBUG_INFORMATION_FORMAT = "dwarf-with-dsym";
				ENABLE_NS_ASSERTIONS = NO;
				ENABLE_STRICT_OBJC_MSGSEND = YES;
				ENABLE_USER_SCRIPT_SANDBOXING = YES;
				GCC_C_LANGUAGE_STANDARD = gnu17;
				GCC_NO_COMMON_BLOCKS = YES;
				GCC_WARN_64_TO_32_BIT_CONVERSION = YES;
				GCC_WARN_ABOUT_RETURN_TYPE = YES_ERROR;
				GCC_WARN_UNDECLARED_SELECTOR = YES;
				GCC_WARN_UNINITIALIZED_AUTOS = YES_AGGRESSIVE;
				GCC_WARN_UNUSED_FUNCTION = YES;
				GCC_WARN_UNUSED_VARIABLE = YES;
				IPHONEOS_DEPLOYMENT_TARGET = 18.5;
				LOCALIZATION_PREFERS_STRING_CATALOGS = YES;
				MTL_ENABLE_DEBUG_INFO = NO;
				MTL_FAST_MATH = YES;
				SDKROOT = iphoneos;
				SWIFT_COMPILATION_MODE = wholemodule;
				VALIDATE_PRODUCT = YES;
			};
			name = Release;
		};
		2FC1EB9D2E37BB1D004DB972 /* Debug */ = {
			isa = XCBuildConfiguration;
			buildSettings = {
				ASSETCATALOG_COMPILER_APPICON_NAME = AppIcon;
				ASSETCATALOG_COMPILER_GLOBAL_ACCENT_COLOR_NAME = AccentColor;
				CODE_SIGN_STYLE = Automatic;
				CURRENT_PROJECT_VERSION = 1;
				ENABLE_PREVIEWS = YES;
				GENERATE_INFOPLIST_FILE = YES;
				INFOPLIST_KEY_UIApplicationSceneManifest_Generation = YES;
				INFOPLIST_KEY_UIApplicationSupportsIndirectInputEvents = YES;
				INFOPLIST_KEY_UILaunchScreen_Generation = YES;
				INFOPLIST_KEY_UISupportedInterfaceOrientations_iPad = "UIInterfaceOrientationPortrait UIInterfaceOrientationPortraitUpsideDown UIInterfaceOrientationLandscapeLeft UIInterfaceOrientationLandscapeRight";
				INFOPLIST_KEY_UISupportedInterfaceOrientations_iPhone = "UIInterfaceOrientationPortrait UIInterfaceOrientationLandscapeLeft UIInterfaceOrientationLandscapeRight";
				LD_RUNPATH_SEARCH_PATHS = (
					"$(inherited)",
					"@executable_path/Frameworks",
				);
				MARKETING_VERSION = 1.0;
				PRODUCT_BUNDLE_IDENTIFIER = com.SAVMS;
				PRODUCT_NAME = "$(TARGET_NAME)";
				SWIFT_EMIT_LOC_STRINGS = YES;
				SWIFT_VERSION = 5.0;
				TARGETED_DEVICE_FAMILY = "1,2";
			};
			name = Debug;
		};
		2FC1EB9E2E37BB1D004DB972 /* Release */ = {
			isa = XCBuildConfiguration;
			buildSettings = {
				ASSETCATALOG_COMPILER_APPICON_NAME = AppIcon;
				ASSETCATALOG_COMPILER_GLOBAL_ACCENT_COLOR_NAME = AccentColor;
				CODE_SIGN_STYLE = Automatic;
				CURRENT_PROJECT_VERSION = 1;
				ENABLE_PREVIEWS = YES;
				GENERATE_INFOPLIST_FILE = YES;
				INFOPLIST_KEY_UIApplicationSceneManifest_Generation = YES;
				INFOPLIST_KEY_UIApplicationSupportsIndirectInputEvents = YES;
				INFOPLIST_KEY_UILaunchScreen_Generation = YES;
				INFOPLIST_KEY_UISupportedInterfaceOrientations_iPad = "UIInterfaceOrientationPortrait UIInterfaceOrientationPortraitUpsideDown UIInterfaceOrientationLandscapeLeft UIInterfaceOrientationLandscapeRight";
				INFOPLIST_KEY_UISupportedInterfaceOrientations_iPhone = "UIInterfaceOrientationPortrait UIInterfaceOrientationLandscapeLeft UIInterfaceOrientationLandscapeRight";
				LD_RUNPATH_SEARCH_PATHS = (
					"$(inherited)",
					"@executable_path/Frameworks",
				);
				MARKETING_VERSION = 1.0;
				PRODUCT_BUNDLE_IDENTIFIER = com.SAVMS;
				PRODUCT_NAME = "$(TARGET_NAME)";
				SWIFT_EMIT_LOC_STRINGS = YES;
				SWIFT_VERSION = 5.0;
				TARGETED_DEVICE_FAMILY = "1,2";
			};
			name = Release;
		};
		2FC1EBA02E37BB1D004DB972 /* Debug */ = {
			isa = XCBuildConfiguration;
			buildSettings = {
				BUNDLE_LOADER = "$(TEST_HOST)";
				CODE_SIGN_STYLE = Automatic;
				CURRENT_PROJECT_VERSION = 1;
				GENERATE_INFOPLIST_FILE = YES;
				IPHONEOS_DEPLOYMENT_TARGET = 18.5;
				MARKETING_VERSION = 1.0;
				PRODUCT_BUNDLE_IDENTIFIER = com.SAVMSTests;
				PRODUCT_NAME = "$(TARGET_NAME)";
				SWIFT_EMIT_LOC_STRINGS = NO;
				SWIFT_VERSION = 5.0;
				TARGETED_DEVICE_FAMILY = "1,2";
				TEST_HOST = "$(BUILT_PRODUCTS_DIR)/SAVMS.app/$(BUNDLE_EXECUTABLE_FOLDER_PATH)/SAVMS";
			};
			name = Debug;
		};
		2FC1EBA12E37BB1D004DB972 /* Release */ = {
			isa = XCBuildConfiguration;
			buildSettings = {
				BUNDLE_LOADER = "$(TEST_HOST)";
				CODE_SIGN_STYLE = Automatic;
				CURRENT_PROJECT_VERSION = 1;
				GENERATE_INFOPLIST_FILE = YES;
				IPHONEOS_DEPLOYMENT_TARGET = 18.5;
				MARKETING_VERSION = 1.0;
				PRODUCT_BUNDLE_IDENTIFIER = com.SAVMSTests;
				PRODUCT_NAME = "$(TARGET_NAME)";
				SWIFT_EMIT_LOC_STRINGS = NO;
				SWIFT_VERSION = 5.0;
				TARGETED_DEVICE_FAMILY = "1,2";
				TEST_HOST = "$(BUILT_PRODUCTS_DIR)/SAVMS.app/$(BUNDLE_EXECUTABLE_FOLDER_PATH)/SAVMS";
			};
			name = Release;
		};
		2FC1EBA32E37BB1D004DB972 /* Debug */ = {
			isa = XCBuildConfiguration;
			buildSettings = {
				CODE_SIGN_STYLE = Automatic;
				CURRENT_PROJECT_VERSION = 1;
				GENERATE_INFOPLIST_FILE = YES;
				MARKETING_VERSION = 1.0;
				PRODUCT_BUNDLE_IDENTIFIER = com.SAVMSUITests;
				PRODUCT_NAME = "$(TARGET_NAME)";
				SWIFT_EMIT_LOC_STRINGS = NO;
				SWIFT_VERSION = 5.0;
				TARGETED_DEVICE_FAMILY = "1,2";
				TEST_TARGET_NAME = SAVMS;
			};
			name = Debug;
		};
		2FC1EBA42E37BB1D004DB972 /* Release */ = {
			isa = XCBuildConfiguration;
			buildSettings = {
				CODE_SIGN_STYLE = Automatic;
				CURRENT_PROJECT_VERSION = 1;
				GENERATE_INFOPLIST_FILE = YES;
				MARKETING_VERSION = 1.0;
				PRODUCT_BUNDLE_IDENTIFIER = com.SAVMSUITests;
				PRODUCT_NAME = "$(TARGET_NAME)";
				SWIFT_EMIT_LOC_STRINGS = NO;
				SWIFT_VERSION = 5.0;
				TARGETED_DEVICE_FAMILY = "1,2";
				TEST_TARGET_NAME = SAVMS;
			};
			name = Release;
		};
/* End XCBuildConfiguration section */

/* Begin XCConfigurationList section */
		2FC1EB762E37BB1A004DB972 /* Build configuration list for PBXProject "SAVMS" */ = {
			isa = XCConfigurationList;
			buildConfigurations = (
				2FC1EB9A2E37BB1D004DB972 /* Debug */,
				2FC1EB9B2E37BB1D004DB972 /* Release */,
			);
			defaultConfigurationIsVisible = 0;
			defaultConfigurationName = Release;
		};
		2FC1EB9C2E37BB1D004DB972 /* Build configuration list for PBXNativeTarget "SAVMS" */ = {
			isa = XCConfigurationList;
			buildConfigurations = (
				2FC1EB9D2E37BB1D004DB972 /* Debug */,
				2FC1EB9E2E37BB1D004DB972 /* Release */,
			);
			defaultConfigurationIsVisible = 0;
			defaultConfigurationName = Release;
		};
		2FC1EB9F2E37BB1D004DB972 /* Build configuration list for PBXNativeTarget "SAVMSTests" */ = {
			isa = XCConfigurationList;
			buildConfigurations = (
				2FC1EBA02E37BB1D004DB972 /* Debug */,
				2FC1EBA12E37BB1D004DB972 /* Release */,
			);
			defaultConfigurationIsVisible = 0;
			defaultConfigurationName = Release;
		};
		2FC1EBA22E37BB1D004DB972 /* Build configuration list for PBXNativeTarget "SAVMSUITests" */ = {
			isa = XCConfigurationList;
			buildConfigurations = (
				2FC1EBA32E37BB1D004DB972 /* Debug */,
				2FC1EBA42E37BB1D004DB972 /* Release */,
			);
			defaultConfigurationIsVisible = 0;
			defaultConfigurationName = Release;
		};
/* End XCConfigurationList section */
	};
	rootObject = 2FC1EB732E37BB1A004DB972 /* Project object */;
}
